
Microsoft Visual Studio Solution File, Format Version 12.00
# Visual Studio 14
VisualStudioVersion = 14.0.25123.0
MinimumVisualStudioVersion = 10.0.40219.1
Project("{FAE04EC0-301F-11D3-BF4B-00C04F79EFBC}") = "Alya.Util", "Alya.Util\Alya.Util.csproj", "{2041C89D-3167-4ACA-8C6D-D1195AE4EDAE}"
EndProject
Project("{FAE04EC0-301F-11D3-BF4B-00C04F79EFBC}") = "Alya.DataAccess", "Alya.DataAccess\Alya.DataAccess.csproj", "{0C9C5008-3602-45C8-8927-64ED9E7B7CF0}"
EndProject
Project("{FAE04EC0-301F-11D3-BF4B-00C04F79EFBC}") = "Alya.DataClient", "Alya.DataClient\Alya.DataClient.csproj", "{6057D726-DC77-469D-B951-080D140EC5DC}"
EndProject
Project("{FAE04EC0-301F-11D3-BF4B-00C04F79EFBC}") = "Alya.WebAPI", "Alya.WebAPI\Alya.WebAPI.csproj", "{14D2B9AB-2EF3-4FA8-8184-AF992F26D39E}"
EndProject
Project("{FAE04EC0-301F-11D3-BF4B-00C04F79EFBC}") = "Ayla.UICore", "Ayla.UICore\Ayla.UICore.csproj", "{FF38F9C9-DD3D-4451-87BB-6727F4C85231}"
EndProject
Project("{FAE04EC0-301F-11D3-BF4B-00C04F79EFBC}") = "Alya.Core", "Alya.Core\Alya.Core.csproj", "{399458F1-0318-4E5F-95EC-0B95EECD7F35}"
EndProject
Project("{FAE04EC0-301F-11D3-BF4B-00C04F79EFBC}") = "Alya.Web", "Alya.Web\Alya.Web.csproj", "{D83181CF-E4B6-4FB1-A458-886722C3BF26}"
EndProject
Project("{FAE04EC0-301F-11D3-BF4B-00C04F79EFBC}") = "Alya.Template.Web", "Alya.Template.Web\Alya.Template.Web.csproj", "{78962CA5-8757-4F4C-8A6C-4A7A84B200A3}"
EndProject
Project("{2150E333-8FDC-42A3-9474-1A3956D46DE8}") = "Framework", "Framework", "{6FD1BC41-5B9E-4269-BCD9-D69DC30D1DC0}"
EndProject
Project("{2150E333-8FDC-42A3-9474-1A3956D46DE8}") = "Template", "Template", "{84488376-8325-4A98-AF45-F588E8F25E50}"
EndProject
Global
	GlobalSection(SolutionConfigurationPlatforms) = preSolution
		Debug|Any CPU = Debug|Any CPU
		Release|Any CPU = Release|Any CPU
	EndGlobalSection
	GlobalSection(ProjectConfigurationPlatforms) = postSolution
		{2041C89D-3167-4ACA-8C6D-D1195AE4EDAE}.Debug|Any CPU.ActiveCfg = Debug|Any CPU
		{2041C89D-3167-4ACA-8C6D-D1195AE4EDAE}.Debug|Any CPU.Build.0 = Debug|Any CPU
		{2041C89D-3167-4ACA-8C6D-D1195AE4EDAE}.Release|Any CPU.ActiveCfg = Release|Any CPU
		{2041C89D-3167-4ACA-8C6D-D1195AE4EDAE}.Release|Any CPU.Build.0 = Release|Any CPU
		{0C9C5008-3602-45C8-8927-64ED9E7B7CF0}.Debug|Any CPU.ActiveCfg = Debug|Any CPU
		{0C9C5008-3602-45C8-8927-64ED9E7B7CF0}.Debug|Any CPU.Build.0 = Debug|Any CPU
		{0C9C5008-3602-45C8-8927-64ED9E7B7CF0}.Release|Any CPU.ActiveCfg = Release|Any CPU
		{0C9C5008-3602-45C8-8927-64ED9E7B7CF0}.Release|Any CPU.Build.0 = Release|Any CPU
		{6057D726-DC77-469D-B951-080D140EC5DC}.Debug|Any CPU.ActiveCfg = Debug|Any CPU
		{6057D726-DC77-469D-B951-080D140EC5DC}.Debug|Any CPU.Build.0 = Debug|Any CPU
		{6057D726-DC77-469D-B951-080D140EC5DC}.Release|Any CPU.ActiveCfg = Release|Any CPU
		{6057D726-DC77-469D-B951-080D140EC5DC}.Release|Any CPU.Build.0 = Release|Any CPU
		{14D2B9AB-2EF3-4FA8-8184-AF992F26D39E}.Debug|Any CPU.ActiveCfg = Debug|Any CPU
		{14D2B9AB-2EF3-4FA8-8184-AF992F26D39E}.Debug|Any CPU.Build.0 = Debug|Any CPU
		{14D2B9AB-2EF3-4FA8-8184-AF992F26D39E}.Release|Any CPU.ActiveCfg = Release|Any CPU
		{14D2B9AB-2EF3-4FA8-8184-AF992F26D39E}.Release|Any CPU.Build.0 = Release|Any CPU
		{FF38F9C9-DD3D-4451-87BB-6727F4C85231}.Debug|Any CPU.ActiveCfg = Debug|Any CPU
		{FF38F9C9-DD3D-4451-87BB-6727F4C85231}.Debug|Any CPU.Build.0 = Debug|Any CPU
		{FF38F9C9-DD3D-4451-87BB-6727F4C85231}.Release|Any CPU.ActiveCfg = Release|Any CPU
		{FF38F9C9-DD3D-4451-87BB-6727F4C85231}.Release|Any CPU.Build.0 = Release|Any CPU
		{399458F1-0318-4E5F-95EC-0B95EECD7F35}.Debug|Any CPU.ActiveCfg = Debug|Any CPU
		{399458F1-0318-4E5F-95EC-0B95EECD7F35}.Debug|Any CPU.Build.0 = Debug|Any CPU
		{399458F1-0318-4E5F-95EC-0B95EECD7F35}.Release|Any CPU.ActiveCfg = Release|Any CPU
		{399458F1-0318-4E5F-95EC-0B95EECD7F35}.Release|Any CPU.Build.0 = Release|Any CPU
		{D83181CF-E4B6-4FB1-A458-886722C3BF26}.Debug|Any CPU.ActiveCfg = Debug|Any CPU
		{D83181CF-E4B6-4FB1-A458-886722C3BF26}.Debug|Any CPU.Build.0 = Debug|Any CPU
		{D83181CF-E4B6-4FB1-A458-886722C3BF26}.Release|Any CPU.ActiveCfg = Release|Any CPU
		{D83181CF-E4B6-4FB1-A458-886722C3BF26}.Release|Any CPU.Build.0 = Release|Any CPU
		{78962CA5-8757-4F4C-8A6C-4A7A84B200A3}.Debug|Any CPU.ActiveCfg = Debug|Any CPU
		{78962CA5-8757-4F4C-8A6C-4A7A84B200A3}.Debug|Any CPU.Build.0 = Debug|Any CPU
		{78962CA5-8757-4F4C-8A6C-4A7A84B200A3}.Release|Any CPU.ActiveCfg = Release|Any CPU
		{78962CA5-8757-4F4C-8A6C-4A7A84B200A3}.Release|Any CPU.Build.0 = Release|Any CPU
	EndGlobalSection
	GlobalSection(SolutionProperties) = preSolution
		HideSolutionNode = FALSE
	EndGlobalSection
	GlobalSection(NestedProjects) = preSolution
		{2041C89D-3167-4ACA-8C6D-D1195AE4EDAE} = {6FD1BC41-5B9E-4269-BCD9-D69DC30D1DC0}
		{0C9C5008-3602-45C8-8927-64ED9E7B7CF0} = {6FD1BC41-5B9E-4269-BCD9-D69DC30D1DC0}
		{6057D726-DC77-469D-B951-080D140EC5DC} = {6FD1BC41-5B9E-4269-BCD9-D69DC30D1DC0}
		{14D2B9AB-2EF3-4FA8-8184-AF992F26D39E} = {6FD1BC41-5B9E-4269-BCD9-D69DC30D1DC0}
		{FF38F9C9-DD3D-4451-87BB-6727F4C85231} = {6FD1BC41-5B9E-4269-BCD9-D69DC30D1DC0}
		{399458F1-0318-4E5F-95EC-0B95EECD7F35} = {6FD1BC41-5B9E-4269-BCD9-D69DC30D1DC0}
		{D83181CF-E4B6-4FB1-A458-886722C3BF26} = {6FD1BC41-5B9E-4269-BCD9-D69DC30D1DC0}
		{78962CA5-8757-4F4C-8A6C-4A7A84B200A3} = {84488376-8325-4A98-AF45-F588E8F25E50}
	EndGlobalSection
EndGlobal
